<Solution>
  <Folder Name="/src/">
    <Project Path="src/FixedWidthParser/FixedWidthParser.csproj" />
    <Project Path="src/FixedWidthParser.Generator/FixedWidthParser.Generator.csproj" />
  </Folder>
  <Folder Name="/tests/">
    <Project Path="tests/Benchmarks/Benchmarks.csproj" />
    <Project Path="tests/FixedWidthParser.Generator.Tests/FixedWidthParser.Generator.Tests.csproj" />
    <Project Path="tests/FixedWidthParser.Tests/FixedWidthParser.Tests.csproj" />
  </Folder>
</Solution>
